#MicroXplorer Configuration settings - do not modify
Mcu.Family=STM32L4
RCC.MSI_VALUE=4000000
ProjectManager.MainLocation=Core/Src
PA14\ (JTCK-SWCLK).Mode=Serial_Wire
RCC.PLLQoutputFreq_Value=16000000
ProjectManager.ProjectFileName=L476_211101_Receiver.ioc
RCC.SAI1Freq_Value=4571428.571428572
UART4.IPParameters=BaudRate,Parity
ProjectManager.KeepUserCode=true
Mcu.UserName=STM32L476RGTx
Mcu.PinsNb=5
ProjectManager.NoMain=false
RCC.PLLSAI1RoutputFreq_Value=16000000
ProjectManager.functionlistsort=1-SystemClock_Config-RCC-false-HAL-false
ProjectManager.DefaultFWLocation=true
ProjectManager.DeletePrevious=true
RCC.VCOSAI2OutputFreq_Value=32000000
PinOutPanel.RotationAngle=0
RCC.FamilyName=M
ProjectManager.StackSize=0x400
PA14\ (JTCK-SWCLK).Signal=SYS_JTCK-SWCLK
Mcu.IP2=SYS
NVIC.SVCall_IRQn=true\:0\:0\:false\:false\:true\:false\:false
Mcu.IP3=UART4
Mcu.IP0=NVIC
Mcu.IP1=RCC
Mcu.UserConstants=
RCC.VCOSAI1OutputFreq_Value=32000000
ProjectManager.TargetToolchain=STM32CubeIDE
Mcu.ThirdPartyNb=0
UART4.BaudRate=2400
Mcu.IPNb=4
ProjectManager.PreviousToolchain=
UART4.Parity=PARITY_EVEN
RCC.SAI2Freq_Value=4571428.571428572
ProjectManager.RegisterCallBack=
RCC.LSE_VALUE=32768
PA1.Signal=UART4_RX
RCC.PLLSAI1PoutputFreq_Value=4571428.571428572
Mcu.Pin0=PA0
Mcu.Pin1=PA1
Mcu.Pin2=PA13 (JTMS-SWDIO)
Mcu.Pin3=PA14 (JTCK-SWCLK)
Mcu.Pin4=VP_SYS_VS_Systick
RCC.PLLSAI2RoutputFreq_Value=16000000
ProjectManager.ProjectBuild=false
RCC.HSE_VALUE=8000000
NVIC.UsageFault_IRQn=true\:0\:0\:false\:false\:true\:false\:false
NVIC.DebugMonitor_IRQn=true\:0\:0\:false\:false\:true\:false\:false
board=custom
RCC.VCOOutputFreq_Value=32000000
NVIC.SysTick_IRQn=true\:0\:0\:false\:false\:true\:false\:true
ProjectManager.LastFirmware=true
ProjectManager.FirmwarePackage=STM32Cube FW_L4 V1.17.0
MxDb.Version=DB.6.0.20
PA1.Mode=Asynchronous
ProjectManager.BackupPrevious=false
MxCube.Version=6.2.0
RCC.VCOInputFreq_Value=4000000
RCC.PLLSAI1QoutputFreq_Value=16000000
File.Version=6
VP_SYS_VS_Systick.Mode=SysTick
PA0.Mode=Asynchronous
NVIC.NonMaskableInt_IRQn=true\:0\:0\:false\:false\:true\:false\:false
RCC.PLLRCLKFreq_Value=16000000
NVIC.PendSV_IRQn=true\:0\:0\:false\:false\:true\:false\:false
ProjectManager.FreePins=false
RCC.IPParameters=FamilyName,HSE_VALUE,HSI_VALUE,LSCOPinFreq_Value,LSE_VALUE,LSI_VALUE,MSI_VALUE,PLLPoutputFreq_Value,PLLQoutputFreq_Value,PLLRCLKFreq_Value,PLLSAI1PoutputFreq_Value,PLLSAI1QoutputFreq_Value,PLLSAI1RoutputFreq_Value,PLLSAI2PoutputFreq_Value,PLLSAI2RoutputFreq_Value,SAI1Freq_Value,SAI2Freq_Value,VCOInputFreq_Value,VCOOutputFreq_Value,VCOSAI1OutputFreq_Value,VCOSAI2OutputFreq_Value
ProjectManager.AskForMigrate=true
Mcu.Name=STM32L476R(C-E-G)Tx
ProjectManager.HalAssertFull=false
ProjectManager.ProjectName=L476_211101_Receiver
ProjectManager.UnderRoot=true
PA0.Signal=UART4_TX
ProjectManager.CoupleFile=false
PA13\ (JTMS-SWDIO).Mode=Serial_Wire
Mcu.Package=LQFP64
NVIC.ForceEnableDMAVector=true
RCC.PLLSAI2PoutputFreq_Value=4571428.571428572
KeepUserPlacement=false
NVIC.MemoryManagement_IRQn=true\:0\:0\:false\:false\:true\:false\:false
ProjectManager.CompilerOptimize=6
ProjectManager.ToolChainLocation=
RCC.LSI_VALUE=32000
VP_SYS_VS_Systick.Signal=SYS_VS_Systick
RCC.LSCOPinFreq_Value=32000
ProjectManager.HeapSize=0x200
NVIC.HardFault_IRQn=true\:0\:0\:false\:false\:true\:false\:false
ProjectManager.ComputerToolchain=false
RCC.HSI_VALUE=16000000
NVIC.PriorityGroup=NVIC_PRIORITYGROUP_4
RCC.PLLPoutputFreq_Value=4571428.571428572
NVIC.BusFault_IRQn=true\:0\:0\:false\:false\:true\:false\:false
PA13\ (JTMS-SWDIO).Signal=SYS_JTMS-SWDIO
ProjectManager.CustomerFirmwarePackage=
ProjectManager.DeviceId=STM32L476RGTx
ProjectManager.LibraryCopy=1
isbadioc=false
